
Microsoft Visual Studio Solution File, Format Version 12.00
# Visual Studio Version 17
VisualStudioVersion = 17.3.32929.385
MinimumVisualStudioVersion = 10.0.40219.1
Project("{FAE04EC0-301F-11D3-BF4B-00C04F79EFBC}") = "ITMO.ADO2023.TestConnection", "ITMO.ADO2023.TestConnection\ITMO.ADO2023.TestConnection.csproj", "{A5B73288-7137-4488-8AA1-1BC14737074F}"
EndProject
Project("{FAE04EC0-301F-11D3-BF4B-00C04F79EFBC}") = "ITMO.ADO2023.Task01.Ex02", "ITMO.ADO2023.Task01\ITMO.ADO2023.Task01.Ex02\ITMO.ADO2023.Task01.Ex02.csproj", "{EC66C872-9283-4DB0-A003-9F1A4CB22670}"
EndProject
Project("{2150E333-8FDC-42A3-9474-1A3956D46DE8}") = "ITMO.ADO2023.Task01", "ITMO.ADO2023.Task01", "{D3FFF939-C1DD-4DF7-92AC-18D7448DC1EB}"
EndProject
Project("{FAE04EC0-301F-11D3-BF4B-00C04F79EFBC}") = "ITMO.ADO2023.Task01.Ex03", "ITMO.ADO2023.Task01\ITMO.ADO2023.Task01.Ex03\ITMO.ADO2023.Task01.Ex03.csproj", "{05929706-2DDB-4F8E-92F1-0DBBE5A60E67}"
EndProject
Project("{FAE04EC0-301F-11D3-BF4B-00C04F79EFBC}") = "ITMO.ADO2023.Task01.Ex04", "ITMO.ADO2023.Task01\ITMO.ADO2023.Task01.Ex04\ITMO.ADO2023.Task01.Ex04.csproj", "{6B74FFEE-4AA4-4CA3-BEEA-D9959B082803}"
EndProject
Project("{FAE04EC0-301F-11D3-BF4B-00C04F79EFBC}") = "ITMO.ADO2023.Task01.Ex05", "ITMO.ADO2023.Task01\ITMO.ADO2023.Task01.Ex05\ITMO.ADO2023.Task01.Ex05.csproj", "{AF12BEC3-A9B7-4D9D-9173-D3ADAC32317C}"
EndProject
Project("{2150E333-8FDC-42A3-9474-1A3956D46DE8}") = "ITMO.ADO2023.Task02", "ITMO.ADO2023.Task02", "{2F4F97F1-1C6A-4E1A-8233-5DCFAC6CA1FA}"
EndProject
Project("{FAE04EC0-301F-11D3-BF4B-00C04F79EFBC}") = "ITMO.ADO2023.Task02.Ex01", "ITMO.ADO2023.Task02\ITMO.ADO2023.Task02.Ex01\ITMO.ADO2023.Task02.Ex01.csproj", "{187F290A-F7B7-4E65-8B82-B3197DC0E402}"
EndProject
Project("{FAE04EC0-301F-11D3-BF4B-00C04F79EFBC}") = "ITMO.ADO2023.Task02.Ex02", "ITMO.ADO2023.Task02\ITMO.ADO2023.Task02.Ex02\ITMO.ADO2023.Task02.Ex02.csproj", "{29241CC3-913A-48E9-A29F-433F77DF3521}"
EndProject
Project("{FAE04EC0-301F-11D3-BF4B-00C04F79EFBC}") = "ITMO.ADO2023.Task02.Ex03", "ITMO.ADO2023.Task02\ITMO.ADO2023.Task02.Ex03\ITMO.ADO2023.Task02.Ex03.csproj", "{821F2249-C725-4C6F-9681-0E473C99B6BC}"
EndProject
Project("{2150E333-8FDC-42A3-9474-1A3956D46DE8}") = "ITMO.ADO2023.Task03", "ITMO.ADO2023.Task03", "{319129D3-25B4-4582-9FAE-AF67C1F093B3}"
EndProject
Project("{FAE04EC0-301F-11D3-BF4B-00C04F79EFBC}") = "ITMO.ADO2023.Task03.Ex01", "ITMO.ADO2023.Task03\ITMO.ADO2023.Task03.Ex01\ITMO.ADO2023.Task03.Ex01.csproj", "{3140CD5E-0515-4B95-B49E-5CF2CD944EC9}"
EndProject
Project("{2150E333-8FDC-42A3-9474-1A3956D46DE8}") = "ITMO.ADO2023.Task04", "ITMO.ADO2023.Task04", "{DF2D8FFF-6FCE-49C0-9F6C-9DD87D90BC21}"
EndProject
Project("{FAE04EC0-301F-11D3-BF4B-00C04F79EFBC}") = "ITMO.ADO2023.Task04.Ex01", "ITMO.ADO2023.Task04\ITMO.ADO2023.Task04.Ex01\ITMO.ADO2023.Task04.Ex01.csproj", "{23F44723-6EBB-4F62-9325-E7DEB8900F20}"
EndProject
Project("{FAE04EC0-301F-11D3-BF4B-00C04F79EFBC}") = "ITMO.ADO2023.Task04.Ex02", "ITMO.ADO2023.Task04\ITMO.ADO2023.Task04.Ex02\ITMO.ADO2023.Task04.Ex02.csproj", "{56019AAD-60C6-4D27-A8C0-DED0EE71FA51}"
EndProject
Project("{FAE04EC0-301F-11D3-BF4B-00C04F79EFBC}") = "ITMO.ADO2023.Task04.Ex03", "ITMO.ADO2023.Task04\ITMO.ADO2023.Task04.Ex03\ITMO.ADO2023.Task04.Ex03.csproj", "{EFA069C0-0FB0-4A43-9908-33D79F76F316}"
EndProject
Project("{FAE04EC0-301F-11D3-BF4B-00C04F79EFBC}") = "ITMO.ADO2023.Task04.Ex04", "ITMO.ADO2023.Task04\ITMO.ADO2023.Task04.Ex04\ITMO.ADO2023.Task04.Ex04.csproj", "{EE60A75C-7224-4C07-8D1A-754936F25960}"
EndProject
Project("{FAE04EC0-301F-11D3-BF4B-00C04F79EFBC}") = "ITMO.ADO2023.Task04.Ex05", "ITMO.ADO2023.Task04\ITMO.ADO2023.Task04.Ex05\ITMO.ADO2023.Task04.Ex05.csproj", "{ACF0068C-B93A-409B-B29F-D3BE5AEECDE7}"
EndProject
Project("{FAE04EC0-301F-11D3-BF4B-00C04F79EFBC}") = "ITMO.ADO2023.Task04.Ex06", "ITMO.ADO2023.Task04\ITMO.ADO2023.Task04.Ex06\ITMO.ADO2023.Task04.Ex06.csproj", "{ED4F8F4D-2AEA-450A-BB16-48159D84FD29}"
EndProject
Global
	GlobalSection(SolutionConfigurationPlatforms) = preSolution
		Debug|Any CPU = Debug|Any CPU
		Release|Any CPU = Release|Any CPU
	EndGlobalSection
	GlobalSection(ProjectConfigurationPlatforms) = postSolution
		{A5B73288-7137-4488-8AA1-1BC14737074F}.Debug|Any CPU.ActiveCfg = Debug|Any CPU
		{A5B73288-7137-4488-8AA1-1BC14737074F}.Debug|Any CPU.Build.0 = Debug|Any CPU
		{A5B73288-7137-4488-8AA1-1BC14737074F}.Release|Any CPU.ActiveCfg = Release|Any CPU
		{A5B73288-7137-4488-8AA1-1BC14737074F}.Release|Any CPU.Build.0 = Release|Any CPU
		{EC66C872-9283-4DB0-A003-9F1A4CB22670}.Debug|Any CPU.ActiveCfg = Debug|Any CPU
		{EC66C872-9283-4DB0-A003-9F1A4CB22670}.Debug|Any CPU.Build.0 = Debug|Any CPU
		{EC66C872-9283-4DB0-A003-9F1A4CB22670}.Release|Any CPU.ActiveCfg = Release|Any CPU
		{EC66C872-9283-4DB0-A003-9F1A4CB22670}.Release|Any CPU.Build.0 = Release|Any CPU
		{05929706-2DDB-4F8E-92F1-0DBBE5A60E67}.Debug|Any CPU.ActiveCfg = Debug|Any CPU
		{05929706-2DDB-4F8E-92F1-0DBBE5A60E67}.Debug|Any CPU.Build.0 = Debug|Any CPU
		{05929706-2DDB-4F8E-92F1-0DBBE5A60E67}.Release|Any CPU.ActiveCfg = Release|Any CPU
		{05929706-2DDB-4F8E-92F1-0DBBE5A60E67}.Release|Any CPU.Build.0 = Release|Any CPU
		{6B74FFEE-4AA4-4CA3-BEEA-D9959B082803}.Debug|Any CPU.ActiveCfg = Debug|Any CPU
		{6B74FFEE-4AA4-4CA3-BEEA-D9959B082803}.Debug|Any CPU.Build.0 = Debug|Any CPU
		{6B74FFEE-4AA4-4CA3-BEEA-D9959B082803}.Release|Any CPU.ActiveCfg = Release|Any CPU
		{6B74FFEE-4AA4-4CA3-BEEA-D9959B082803}.Release|Any CPU.Build.0 = Release|Any CPU
		{AF12BEC3-A9B7-4D9D-9173-D3ADAC32317C}.Debug|Any CPU.ActiveCfg = Debug|Any CPU
		{AF12BEC3-A9B7-4D9D-9173-D3ADAC32317C}.Debug|Any CPU.Build.0 = Debug|Any CPU
		{AF12BEC3-A9B7-4D9D-9173-D3ADAC32317C}.Release|Any CPU.ActiveCfg = Release|Any CPU
		{AF12BEC3-A9B7-4D9D-9173-D3ADAC32317C}.Release|Any CPU.Build.0 = Release|Any CPU
		{187F290A-F7B7-4E65-8B82-B3197DC0E402}.Debug|Any CPU.ActiveCfg = Debug|Any CPU
		{187F290A-F7B7-4E65-8B82-B3197DC0E402}.Debug|Any CPU.Build.0 = Debug|Any CPU
		{187F290A-F7B7-4E65-8B82-B3197DC0E402}.Release|Any CPU.ActiveCfg = Release|Any CPU
		{187F290A-F7B7-4E65-8B82-B3197DC0E402}.Release|Any CPU.Build.0 = Release|Any CPU
		{29241CC3-913A-48E9-A29F-433F77DF3521}.Debug|Any CPU.ActiveCfg = Debug|Any CPU
		{29241CC3-913A-48E9-A29F-433F77DF3521}.Debug|Any CPU.Build.0 = Debug|Any CPU
		{29241CC3-913A-48E9-A29F-433F77DF3521}.Release|Any CPU.ActiveCfg = Release|Any CPU
		{29241CC3-913A-48E9-A29F-433F77DF3521}.Release|Any CPU.Build.0 = Release|Any CPU
		{821F2249-C725-4C6F-9681-0E473C99B6BC}.Debug|Any CPU.ActiveCfg = Debug|Any CPU
		{821F2249-C725-4C6F-9681-0E473C99B6BC}.Debug|Any CPU.Build.0 = Debug|Any CPU
		{821F2249-C725-4C6F-9681-0E473C99B6BC}.Release|Any CPU.ActiveCfg = Release|Any CPU
		{821F2249-C725-4C6F-9681-0E473C99B6BC}.Release|Any CPU.Build.0 = Release|Any CPU
		{3140CD5E-0515-4B95-B49E-5CF2CD944EC9}.Debug|Any CPU.ActiveCfg = Debug|Any CPU
		{3140CD5E-0515-4B95-B49E-5CF2CD944EC9}.Debug|Any CPU.Build.0 = Debug|Any CPU
		{3140CD5E-0515-4B95-B49E-5CF2CD944EC9}.Release|Any CPU.ActiveCfg = Release|Any CPU
		{3140CD5E-0515-4B95-B49E-5CF2CD944EC9}.Release|Any CPU.Build.0 = Release|Any CPU
		{23F44723-6EBB-4F62-9325-E7DEB8900F20}.Debug|Any CPU.ActiveCfg = Debug|Any CPU
		{23F44723-6EBB-4F62-9325-E7DEB8900F20}.Debug|Any CPU.Build.0 = Debug|Any CPU
		{23F44723-6EBB-4F62-9325-E7DEB8900F20}.Release|Any CPU.ActiveCfg = Release|Any CPU
		{23F44723-6EBB-4F62-9325-E7DEB8900F20}.Release|Any CPU.Build.0 = Release|Any CPU
		{56019AAD-60C6-4D27-A8C0-DED0EE71FA51}.Debug|Any CPU.ActiveCfg = Debug|Any CPU
		{56019AAD-60C6-4D27-A8C0-DED0EE71FA51}.Debug|Any CPU.Build.0 = Debug|Any CPU
		{56019AAD-60C6-4D27-A8C0-DED0EE71FA51}.Release|Any CPU.ActiveCfg = Release|Any CPU
		{56019AAD-60C6-4D27-A8C0-DED0EE71FA51}.Release|Any CPU.Build.0 = Release|Any CPU
		{EFA069C0-0FB0-4A43-9908-33D79F76F316}.Debug|Any CPU.ActiveCfg = Debug|Any CPU
		{EFA069C0-0FB0-4A43-9908-33D79F76F316}.Debug|Any CPU.Build.0 = Debug|Any CPU
		{EFA069C0-0FB0-4A43-9908-33D79F76F316}.Release|Any CPU.ActiveCfg = Release|Any CPU
		{EFA069C0-0FB0-4A43-9908-33D79F76F316}.Release|Any CPU.Build.0 = Release|Any CPU
		{EE60A75C-7224-4C07-8D1A-754936F25960}.Debug|Any CPU.ActiveCfg = Debug|Any CPU
		{EE60A75C-7224-4C07-8D1A-754936F25960}.Debug|Any CPU.Build.0 = Debug|Any CPU
		{EE60A75C-7224-4C07-8D1A-754936F25960}.Release|Any CPU.ActiveCfg = Release|Any CPU
		{EE60A75C-7224-4C07-8D1A-754936F25960}.Release|Any CPU.Build.0 = Release|Any CPU
		{ACF0068C-B93A-409B-B29F-D3BE5AEECDE7}.Debug|Any CPU.ActiveCfg = Debug|Any CPU
		{ACF0068C-B93A-409B-B29F-D3BE5AEECDE7}.Debug|Any CPU.Build.0 = Debug|Any CPU
		{ACF0068C-B93A-409B-B29F-D3BE5AEECDE7}.Release|Any CPU.ActiveCfg = Release|Any CPU
		{ACF0068C-B93A-409B-B29F-D3BE5AEECDE7}.Release|Any CPU.Build.0 = Release|Any CPU
		{ED4F8F4D-2AEA-450A-BB16-48159D84FD29}.Debug|Any CPU.ActiveCfg = Debug|Any CPU
		{ED4F8F4D-2AEA-450A-BB16-48159D84FD29}.Debug|Any CPU.Build.0 = Debug|Any CPU
		{ED4F8F4D-2AEA-450A-BB16-48159D84FD29}.Release|Any CPU.ActiveCfg = Release|Any CPU
		{ED4F8F4D-2AEA-450A-BB16-48159D84FD29}.Release|Any CPU.Build.0 = Release|Any CPU
	EndGlobalSection
	GlobalSection(SolutionProperties) = preSolution
		HideSolutionNode = FALSE
	EndGlobalSection
	GlobalSection(NestedProjects) = preSolution
		{EC66C872-9283-4DB0-A003-9F1A4CB22670} = {D3FFF939-C1DD-4DF7-92AC-18D7448DC1EB}
		{05929706-2DDB-4F8E-92F1-0DBBE5A60E67} = {D3FFF939-C1DD-4DF7-92AC-18D7448DC1EB}
		{6B74FFEE-4AA4-4CA3-BEEA-D9959B082803} = {D3FFF939-C1DD-4DF7-92AC-18D7448DC1EB}
		{AF12BEC3-A9B7-4D9D-9173-D3ADAC32317C} = {D3FFF939-C1DD-4DF7-92AC-18D7448DC1EB}
		{187F290A-F7B7-4E65-8B82-B3197DC0E402} = {2F4F97F1-1C6A-4E1A-8233-5DCFAC6CA1FA}
		{29241CC3-913A-48E9-A29F-433F77DF3521} = {2F4F97F1-1C6A-4E1A-8233-5DCFAC6CA1FA}
		{821F2249-C725-4C6F-9681-0E473C99B6BC} = {2F4F97F1-1C6A-4E1A-8233-5DCFAC6CA1FA}
		{3140CD5E-0515-4B95-B49E-5CF2CD944EC9} = {319129D3-25B4-4582-9FAE-AF67C1F093B3}
		{23F44723-6EBB-4F62-9325-E7DEB8900F20} = {DF2D8FFF-6FCE-49C0-9F6C-9DD87D90BC21}
		{56019AAD-60C6-4D27-A8C0-DED0EE71FA51} = {DF2D8FFF-6FCE-49C0-9F6C-9DD87D90BC21}
		{EFA069C0-0FB0-4A43-9908-33D79F76F316} = {DF2D8FFF-6FCE-49C0-9F6C-9DD87D90BC21}
		{EE60A75C-7224-4C07-8D1A-754936F25960} = {DF2D8FFF-6FCE-49C0-9F6C-9DD87D90BC21}
		{ACF0068C-B93A-409B-B29F-D3BE5AEECDE7} = {DF2D8FFF-6FCE-49C0-9F6C-9DD87D90BC21}
		{ED4F8F4D-2AEA-450A-BB16-48159D84FD29} = {DF2D8FFF-6FCE-49C0-9F6C-9DD87D90BC21}
	EndGlobalSection
	GlobalSection(ExtensibilityGlobals) = postSolution
		SolutionGuid = {AE3E2C83-A37A-48DE-A800-759ADE1C9822}
	EndGlobalSection
EndGlobal
